
Microsoft Visual Studio Solution File, Format Version 12.00
# Visual Studio Version 17
VisualStudioVersion = 17.5.33530.505
MinimumVisualStudioVersion = 10.0.40219.1
Project("{FAE04EC0-301F-11D3-BF4B-00C04F79EFBC}") = "Blindnautica", "Blindnautica.csproj", "{BCD0635F-B41F-45F1-8260-D029C37EED69}"
EndProject
Global
	GlobalSection(SolutionConfigurationPlatforms) = preSolution
		Debug|Any CPU = Debug|Any CPU
		Release|Any CPU = Release|Any CPU
	EndGlobalSection
	GlobalSection(ProjectConfigurationPlatforms) = postSolution
		{BCD0635F-B41F-45F1-8260-D029C37EED69}.Debug|Any CPU.ActiveCfg = Debug|Any CPU
		{BCD0635F-B41F-45F1-8260-D029C37EED69}.Debug|Any CPU.Build.0 = Debug|Any CPU
		{BCD0635F-B41F-45F1-8260-D029C37EED69}.Release|Any CPU.ActiveCfg = Release|Any CPU
		{BCD0635F-B41F-45F1-8260-D029C37EED69}.Release|Any CPU.Build.0 = Release|Any CPU
	EndGlobalSection
	GlobalSection(SolutionProperties) = preSolution
		HideSolutionNode = FALSE
	EndGlobalSection
	GlobalSection(ExtensibilityGlobals) = postSolution
		SolutionGuid = {EE305126-CF81-4EF2-B9BA-DAF9C6F689C9}
	EndGlobalSection
EndGlobal
